
Microsoft Visual Studio Solution File, Format Version 12.00
# Visual Studio 2012
Project("{FAE04EC0-301F-11D3-BF4B-00C04F79EFBC}") = "Decisions", "Decisions\Decisions.csproj", "{C69D36AA-A533-456F-89A6-69D886E927D7}"
EndProject
Project("{FAE04EC0-301F-11D3-BF4B-00C04F79EFBC}") = "Decisions.Contracts", "Decisions.Contracts\Decisions.Contracts.csproj", "{77470FBD-65A2-4935-972E-D9E75BE96ADC}"
EndProject
Project("{FAE04EC0-301F-11D3-BF4B-00C04F79EFBC}") = "Decisions.Application", "Decisions.Application\Decisions.Application.csproj", "{289F50D0-6DDF-4AD2-A7AC-77AC19E45409}"
EndProject
Project("{FAE04EC0-301F-11D3-BF4B-00C04F79EFBC}") = "Decisions.Tests", "Decisions.Tests\Decisions.Tests.csproj", "{93573997-F3B7-42D4-846F-CD228CBDED3D}"
EndProject
Project("{FAE04EC0-301F-11D3-BF4B-00C04F79EFBC}") = "Decisions.Utility", "Decisions.Utility\Decisions.Utility.csproj", "{FA47BD64-79E5-45A8-A6D3-4946BBB641EA}"
EndProject
Global
	GlobalSection(SolutionConfigurationPlatforms) = preSolution
		Debug|Any CPU = Debug|Any CPU
		Release|Any CPU = Release|Any CPU
	EndGlobalSection
	GlobalSection(ProjectConfigurationPlatforms) = postSolution
		{C69D36AA-A533-456F-89A6-69D886E927D7}.Debug|Any CPU.ActiveCfg = Debug|Any CPU
		{C69D36AA-A533-456F-89A6-69D886E927D7}.Debug|Any CPU.Build.0 = Debug|Any CPU
		{C69D36AA-A533-456F-89A6-69D886E927D7}.Release|Any CPU.ActiveCfg = Release|Any CPU
		{C69D36AA-A533-456F-89A6-69D886E927D7}.Release|Any CPU.Build.0 = Release|Any CPU
		{77470FBD-65A2-4935-972E-D9E75BE96ADC}.Debug|Any CPU.ActiveCfg = Debug|Any CPU
		{77470FBD-65A2-4935-972E-D9E75BE96ADC}.Debug|Any CPU.Build.0 = Debug|Any CPU
		{77470FBD-65A2-4935-972E-D9E75BE96ADC}.Release|Any CPU.ActiveCfg = Release|Any CPU
		{77470FBD-65A2-4935-972E-D9E75BE96ADC}.Release|Any CPU.Build.0 = Release|Any CPU
		{289F50D0-6DDF-4AD2-A7AC-77AC19E45409}.Debug|Any CPU.ActiveCfg = Debug|Any CPU
		{289F50D0-6DDF-4AD2-A7AC-77AC19E45409}.Debug|Any CPU.Build.0 = Debug|Any CPU
		{289F50D0-6DDF-4AD2-A7AC-77AC19E45409}.Release|Any CPU.ActiveCfg = Release|Any CPU
		{289F50D0-6DDF-4AD2-A7AC-77AC19E45409}.Release|Any CPU.Build.0 = Release|Any CPU
		{93573997-F3B7-42D4-846F-CD228CBDED3D}.Debug|Any CPU.ActiveCfg = Debug|Any CPU
		{93573997-F3B7-42D4-846F-CD228CBDED3D}.Debug|Any CPU.Build.0 = Debug|Any CPU
		{93573997-F3B7-42D4-846F-CD228CBDED3D}.Release|Any CPU.ActiveCfg = Release|Any CPU
		{93573997-F3B7-42D4-846F-CD228CBDED3D}.Release|Any CPU.Build.0 = Release|Any CPU
		{FA47BD64-79E5-45A8-A6D3-4946BBB641EA}.Debug|Any CPU.ActiveCfg = Debug|Any CPU
		{FA47BD64-79E5-45A8-A6D3-4946BBB641EA}.Debug|Any CPU.Build.0 = Debug|Any CPU
		{FA47BD64-79E5-45A8-A6D3-4946BBB641EA}.Release|Any CPU.ActiveCfg = Release|Any CPU
		{FA47BD64-79E5-45A8-A6D3-4946BBB641EA}.Release|Any CPU.Build.0 = Release|Any CPU
	EndGlobalSection
	GlobalSection(SolutionProperties) = preSolution
		HideSolutionNode = FALSE
	EndGlobalSection
EndGlobal
